{
    "_meta": {
        "hash": {
            "sha256": "803c3dfdf14d1a1a4a3675816a911340f13c12e9425e716d2c4785c5c459fbe8"
        },
        "pipfile-spec": 6,
        "requires": {
            "python_version": "3.6"
        },
        "sources": [
            {
                "name": "pypi",
                "url": "https://pypi.python.org/simple",
                "verify_ssl": true
            }
        ]
    },
    "default": {
        "arrow": {
            "hashes": [
                "sha256:a558d3b7b6ce7ffc74206a86c147052de23d3d4ef0e17c210dd478c53575c4cd"
            ],
            "index": "pypi",
            "version": "==0.12.1"
        },
        "clockwork": {
            "hashes": [
                "sha256:0f819eea4b58dc9a6d3115d8cefbe2e33c30f1bf62e1f582b754a8f3c83ba0bd"
            ],
            "index": "pypi",
            "version": "==1.2.0"
        },
        "python-dateutil": {
            "hashes": [
                "sha256:1adb80e7a782c12e52ef9a8182bebeb73f1d7e24e374397af06fb4956c8dc5c0",
                "sha256:e27001de32f627c22380a688bcc43ce83504a7bc5da472209b4c70f02829f0b8"
            ],
            "version": "==2.7.3"
        },
        "selenium": {
            "hashes": [
                "sha256:1372101ad23798462038481f92ba1c7fab8385c788b05da6b44318f10ea52422",
                "sha256:b8a2630fd858636c894960726ca3c94d8277e516ea3a9d81614fb819a5844764"
            ],
            "index": "pypi",
            "version": "==3.12.0"
        },
        "six": {
            "hashes": [
                "sha256:70e8a77beed4562e7f14fe23a786b54f6296e34344c23bc42f07b15018ff98e9",
                "sha256:832dc0e10feb1aa2c68dcc57dbb658f1c7e65b9b61af69048abc87a2db00a0eb"
            ],
            "version": "==1.11.0"
        }
    },
    "develop": {}
}
